
Microsoft Visual Studio Solution File, Format Version 12.00
# Visual Studio Express 14 for Windows Desktop
VisualStudioVersion = 14.0.23107.0
MinimumVisualStudioVersion = 10.0.40219.1
Project("{8BC9CEB8-8B4A-11D0-8D11-00A0C91BC942}") = "NuPanWavIo", "NuPanWavIo\NuPanWavIo.vcxproj", "{9F3089B0-41A4-4464-A93F-D45BE40DE377}"
EndProject
Project("{8BC9CEB8-8B4A-11D0-8D11-00A0C91BC942}") = "NuPanOptimalBassGenerator", "NuPanOptimalBassGenerator\NuPanOptimalBassGenerator.vcxproj", "{45A5A908-19C9-47D9-A9B3-B8E00E8159BC}"
EndProject
Global
	GlobalSection(SolutionConfigurationPlatforms) = preSolution
		Debug|x64 = Debug|x64
		Debug|x86 = Debug|x86
		Release|x64 = Release|x64
		Release|x86 = Release|x86
	EndGlobalSection
	GlobalSection(ProjectConfigurationPlatforms) = postSolution
		{9F3089B0-41A4-4464-A93F-D45BE40DE377}.Debug|x64.ActiveCfg = Debug|x64
		{9F3089B0-41A4-4464-A93F-D45BE40DE377}.Debug|x64.Build.0 = Debug|x64
		{9F3089B0-41A4-4464-A93F-D45BE40DE377}.Debug|x86.ActiveCfg = Debug|Win32
		{9F3089B0-41A4-4464-A93F-D45BE40DE377}.Debug|x86.Build.0 = Debug|Win32
		{9F3089B0-41A4-4464-A93F-D45BE40DE377}.Release|x64.ActiveCfg = Release|x64
		{9F3089B0-41A4-4464-A93F-D45BE40DE377}.Release|x64.Build.0 = Release|x64
		{9F3089B0-41A4-4464-A93F-D45BE40DE377}.Release|x86.ActiveCfg = Release|Win32
		{9F3089B0-41A4-4464-A93F-D45BE40DE377}.Release|x86.Build.0 = Release|Win32
		{45A5A908-19C9-47D9-A9B3-B8E00E8159BC}.Debug|x64.ActiveCfg = Debug|x64
		{45A5A908-19C9-47D9-A9B3-B8E00E8159BC}.Debug|x64.Build.0 = Debug|x64
		{45A5A908-19C9-47D9-A9B3-B8E00E8159BC}.Debug|x86.ActiveCfg = Debug|Win32
		{45A5A908-19C9-47D9-A9B3-B8E00E8159BC}.Debug|x86.Build.0 = Debug|Win32
		{45A5A908-19C9-47D9-A9B3-B8E00E8159BC}.Release|x64.ActiveCfg = Release|x64
		{45A5A908-19C9-47D9-A9B3-B8E00E8159BC}.Release|x64.Build.0 = Release|x64
		{45A5A908-19C9-47D9-A9B3-B8E00E8159BC}.Release|x86.ActiveCfg = Release|Win32
		{45A5A908-19C9-47D9-A9B3-B8E00E8159BC}.Release|x86.Build.0 = Release|Win32
	EndGlobalSection
	GlobalSection(SolutionProperties) = preSolution
		HideSolutionNode = FALSE
	EndGlobalSection
EndGlobal
